
Microsoft Visual Studio Solution File, Format Version 12.00
# Visual Studio Version 17
VisualStudioVersion = 17.7.34031.279
MinimumVisualStudioVersion = 10.0.40219.1
Project("{FAE04EC0-301F-11D3-BF4B-00C04F79EFBC}") = "27.10", "27.10.csproj", "{F807CD1C-B32C-4158-8CBD-E29DAA5B6C2C}"
EndProject
Global
	GlobalSection(SolutionConfigurationPlatforms) = preSolution
		Debug|Any CPU = Debug|Any CPU
		Release|Any CPU = Release|Any CPU
	EndGlobalSection
	GlobalSection(ProjectConfigurationPlatforms) = postSolution
		{F807CD1C-B32C-4158-8CBD-E29DAA5B6C2C}.Debug|Any CPU.ActiveCfg = Debug|Any CPU
		{F807CD1C-B32C-4158-8CBD-E29DAA5B6C2C}.Debug|Any CPU.Build.0 = Debug|Any CPU
		{F807CD1C-B32C-4158-8CBD-E29DAA5B6C2C}.Release|Any CPU.ActiveCfg = Release|Any CPU
		{F807CD1C-B32C-4158-8CBD-E29DAA5B6C2C}.Release|Any CPU.Build.0 = Release|Any CPU
	EndGlobalSection
	GlobalSection(SolutionProperties) = preSolution
		HideSolutionNode = FALSE
	EndGlobalSection
	GlobalSection(ExtensibilityGlobals) = postSolution
		SolutionGuid = {CF65A5B8-DB96-451A-8A60-25DEEB464577}
	EndGlobalSection
EndGlobal
